
Microsoft Visual Studio Solution File, Format Version 12.00
# Visual Studio Version 16
VisualStudioVersion = 16.0.31005.135
MinimumVisualStudioVersion = 10.0.40219.1
Project("{FAE04EC0-301F-11D3-BF4B-00C04F79EFBC}") = "SIATMED", "BIOMEDICO\SIATMED.csproj", "{8849F329-D730-4F71-9DA5-A68B62F9ACA0}"
EndProject
Global
	GlobalSection(SolutionConfigurationPlatforms) = preSolution
		Debug|Any CPU = Debug|Any CPU
		Release|Any CPU = Release|Any CPU
	EndGlobalSection
	GlobalSection(ProjectConfigurationPlatforms) = postSolution
		{8849F329-D730-4F71-9DA5-A68B62F9ACA0}.Debug|Any CPU.ActiveCfg = Debug|Any CPU
		{8849F329-D730-4F71-9DA5-A68B62F9ACA0}.Debug|Any CPU.Build.0 = Debug|Any CPU
		{8849F329-D730-4F71-9DA5-A68B62F9ACA0}.Release|Any CPU.ActiveCfg = Release|Any CPU
		{8849F329-D730-4F71-9DA5-A68B62F9ACA0}.Release|Any CPU.Build.0 = Release|Any CPU
	EndGlobalSection
	GlobalSection(SolutionProperties) = preSolution
		HideSolutionNode = FALSE
	EndGlobalSection
	GlobalSection(ExtensibilityGlobals) = postSolution
		SolutionGuid = {7D0EBA5A-2FAB-4F28-A2B4-ED2F51BEC1D1}
	EndGlobalSection
	GlobalSection(TeamFoundationVersionControl) = preSolution
		SccNumberOfProjects = 2
		SccEnterpriseProvider = {4CA58AB2-18FA-4F8D-95D4-32DDF27D184C}
		SccTeamFoundationServer = https://dev.azure.com/javierruiz91
		SccLocalPath0 = .
		SccProjectUniqueName1 = BIOMEDICO\\SIATMED.csproj
		SccProjectName1 = BIOMEDICO
		SccLocalPath1 = BIOMEDICO
	EndGlobalSection
EndGlobal
